// !$*UTF8*$!
{
	archiveVersion = 1;
	classes = {
	};
	objectVersion = 46;
	objects = {

/* Begin PBXBuildFile section */
		BC36D4261D2E3CE700888C9F /* Localizable.stringsdict in Resources */ = {isa = PBXBuildFile; fileRef = BC36D4241D2E3CE700888C9F /* Localizable.stringsdict */; };
		BC36D42F1D2E3D8100888C9F /* Plurals.stringsdict in Resources */ = {isa = PBXBuildFile; fileRef = BC36D42D1D2E3D8100888C9F /* Plurals.stringsdict */; };
		BC5FF7201D21267D002E0E46 /* main.m in Sources */ = {isa = PBXBuildFile; fileRef = BC5FF71F1D21267D002E0E46 /* main.m */; };
		BC5FF7231D21267D002E0E46 /* AppDelegate.m in Sources */ = {isa = PBXBuildFile; fileRef = BC5FF7221D21267D002E0E46 /* AppDelegate.m */; };
		BC5FF7261D21267D002E0E46 /* ViewController.m in Sources */ = {isa = PBXBuildFile; fileRef = BC5FF7251D21267D002E0E46 /* ViewController.m */; };
		BC5FF7291D21267D002E0E46 /* Main.storyboard in Resources */ = {isa = PBXBuildFile; fileRef = BC5FF7271D21267D002E0E46 /* Main.storyboard */; };
		BC5FF72B1D21267D002E0E46 /* Assets.xcassets in Resources */ = {isa = PBXBuildFile; fileRef = BC5FF72A1D21267D002E0E46 /* Assets.xcassets */; };
		BC5FF72E1D21267D002E0E46 /* LaunchScreen.storyboard in Resources */ = {isa = PBXBuildFile; fileRef = BC5FF72C1D21267D002E0E46 /* LaunchScreen.storyboard */; };
		BCF476AD1D216177005D1CCA /* Home.strings in Resources */ = {isa = PBXBuildFile; fileRef = BCF476AB1D216177005D1CCA /* Home.strings */; };
/* End PBXBuildFile section */

/* Begin PBXFileReference section */
		BC36D4251D2E3CE700888C9F /* en */ = {isa = PBXFileReference; lastKnownFileType = text.plist.stringsdict; name = en; path = en.lproj/Localizable.stringsdict; sourceTree = "<group>"; };
		BC36D42C1D2E3D6F00888C9F /* es */ = {isa = PBXFileReference; lastKnownFileType = text.plist.stringsdict; name = es; path = es.lproj/Localizable.stringsdict; sourceTree = "<group>"; };
		BC36D42E1D2E3D8100888C9F /* es */ = {isa = PBXFileReference; lastKnownFileType = text.plist.stringsdict; name = es; path = es.lproj/Plurals.stringsdict; sourceTree = "<group>"; };
		BC36D4301D2E3D8600888C9F /* en */ = {isa = PBXFileReference; lastKnownFileType = text.plist.stringsdict; name = en; path = en.lproj/Plurals.stringsdict; sourceTree = "<group>"; };
		BC5FF71B1D21267D002E0E46 /* LocalizeWithPlurals.app */ = {isa = PBXFileReference; explicitFileType = wrapper.application; includeInIndex = 0; path = LocalizeWithPlurals.app; sourceTree = BUILT_PRODUCTS_DIR; };
		BC5FF71F1D21267D002E0E46 /* main.m */ = {isa = PBXFileReference; lastKnownFileType = sourcecode.c.objc; path = main.m; sourceTree = "<group>"; };
		BC5FF7211D21267D002E0E46 /* AppDelegate.h */ = {isa = PBXFileReference; lastKnownFileType = sourcecode.c.h; path = AppDelegate.h; sourceTree = "<group>"; };
		BC5FF7221D21267D002E0E46 /* AppDelegate.m */ = {isa = PBXFileReference; lastKnownFileType = sourcecode.c.objc; path = AppDelegate.m; sourceTree = "<group>"; };
		BC5FF7241D21267D002E0E46 /* ViewController.h */ = {isa = PBXFileReference; lastKnownFileType = sourcecode.c.h; path = ViewController.h; sourceTree = "<group>"; };
		BC5FF7251D21267D002E0E46 /* ViewController.m */ = {isa = PBXFileReference; lastKnownFileType = sourcecode.c.objc; path = ViewController.m; sourceTree = "<group>"; };
		BC5FF7281D21267D002E0E46 /* Base */ = {isa = PBXFileReference; lastKnownFileType = file.storyboard; name = Base; path = Base.lproj/Main.storyboard; sourceTree = "<group>"; };
		BC5FF72A1D21267D002E0E46 /* Assets.xcassets */ = {isa = PBXFileReference; lastKnownFileType = folder.assetcatalog; path = Assets.xcassets; sourceTree = "<group>"; };
		BC5FF72D1D21267D002E0E46 /* Base */ = {isa = PBXFileReference; lastKnownFileType = file.storyboard; name = Base; path = Base.lproj/LaunchScreen.storyboard; sourceTree = "<group>"; };
		BC5FF72F1D21267D002E0E46 /* Info.plist */ = {isa = PBXFileReference; lastKnownFileType = text.plist.xml; path = Info.plist; sourceTree = "<group>"; };
		BC5FF7381D21267D002E0E46 /* testingLocalizationWithPluralsTests.m */ = {isa = PBXFileReference; lastKnownFileType = sourcecode.c.objc; path = testingLocalizationWithPluralsTests.m; sourceTree = "<group>"; };
		BC5FF73A1D21267D002E0E46 /* Info.plist */ = {isa = PBXFileReference; lastKnownFileType = text.plist.xml; path = Info.plist; sourceTree = "<group>"; };
		BC5FF7431D21267D002E0E46 /* testingLocalizationWithPluralsUITests.m */ = {isa = PBXFileReference; lastKnownFileType = sourcecode.c.objc; path = testingLocalizationWithPluralsUITests.m; sourceTree = "<group>"; };
		BC5FF7451D21267D002E0E46 /* Info.plist */ = {isa = PBXFileReference; lastKnownFileType = text.plist.xml; path = Info.plist; sourceTree = "<group>"; };
		BCF476AC1D216177005D1CCA /* es */ = {isa = PBXFileReference; lastKnownFileType = text.plist.strings; name = es; path = es.lproj/Home.strings; sourceTree = "<group>"; };
		BCF476AE1D216181005D1CCA /* en */ = {isa = PBXFileReference; lastKnownFileType = text.plist.strings; name = en; path = en.lproj/Home.strings; sourceTree = "<group>"; };
/* End PBXFileReference section */

/* Begin PBXFrameworksBuildPhase section */
		BC5FF7181D21267D002E0E46 /* Frameworks */ = {
			isa = PBXFrameworksBuildPhase;
			buildActionMask = 2147483647;
			files = (
			);
			runOnlyForDeploymentPostprocessing = 0;
		};
/* End PBXFrameworksBuildPhase section */

/* Begin PBXGroup section */
		BC5FF7121D21267D002E0E46 = {
			isa = PBXGroup;
			children = (
				BC5FF71D1D21267D002E0E46 /* testingLocalizationWithPlurals */,
				BC5FF7371D21267D002E0E46 /* testingLocalizationWithPluralsTests */,
				BC5FF7421D21267D002E0E46 /* testingLocalizationWithPluralsUITests */,
				BC5FF71C1D21267D002E0E46 /* Products */,
			);
			sourceTree = "<group>";
		};
		BC5FF71C1D21267D002E0E46 /* Products */ = {
			isa = PBXGroup;
			children = (
				BC5FF71B1D21267D002E0E46 /* LocalizeWithPlurals.app */,
			);
			name = Products;
			sourceTree = "<group>";
		};
		BC5FF71D1D21267D002E0E46 /* testingLocalizationWithPlurals */ = {
			isa = PBXGroup;
			children = (
				BC5FF7511D21269D002E0E46 /* Resources */,
				BC5FF7211D21267D002E0E46 /* AppDelegate.h */,
				BC5FF7221D21267D002E0E46 /* AppDelegate.m */,
				BC5FF7241D21267D002E0E46 /* ViewController.h */,
				BC5FF7251D21267D002E0E46 /* ViewController.m */,
				BC5FF7271D21267D002E0E46 /* Main.storyboard */,
				BC5FF72A1D21267D002E0E46 /* Assets.xcassets */,
				BC5FF72C1D21267D002E0E46 /* LaunchScreen.storyboard */,
				BC5FF72F1D21267D002E0E46 /* Info.plist */,
				BC5FF71E1D21267D002E0E46 /* Supporting Files */,
			);
			path = testingLocalizationWithPlurals;
			sourceTree = "<group>";
		};
		BC5FF71E1D21267D002E0E46 /* Supporting Files */ = {
			isa = PBXGroup;
			children = (
				BC5FF71F1D21267D002E0E46 /* main.m */,
			);
			name = "Supporting Files";
			sourceTree = "<group>";
		};
		BC5FF7371D21267D002E0E46 /* testingLocalizationWithPluralsTests */ = {
			isa = PBXGroup;
			children = (
				BC5FF7381D21267D002E0E46 /* testingLocalizationWithPluralsTests.m */,
				BC5FF73A1D21267D002E0E46 /* Info.plist */,
			);
			path = testingLocalizationWithPluralsTests;
			sourceTree = "<group>";
		};
		BC5FF7421D21267D002E0E46 /* testingLocalizationWithPluralsUITests */ = {
			isa = PBXGroup;
			children = (
				BC5FF7431D21267D002E0E46 /* testingLocalizationWithPluralsUITests.m */,
				BC5FF7451D21267D002E0E46 /* Info.plist */,
			);
			path = testingLocalizationWithPluralsUITests;
			sourceTree = "<group>";
		};
		BC5FF7511D21269D002E0E46 /* Resources */ = {
			isa = PBXGroup;
			children = (
				BC36D42D1D2E3D8100888C9F /* Plurals.stringsdict */,
				BC36D4241D2E3CE700888C9F /* Localizable.stringsdict */,
				BCF476AB1D216177005D1CCA /* Home.strings */,
			);
			path = Resources;
			sourceTree = "<group>";
		};
/* End PBXGroup section */

/* Begin PBXNativeTarget section */
		BC5FF71A1D21267D002E0E46 /* testingLocalizationWithPlurals */ = {
			isa = PBXNativeTarget;
			buildConfigurationList = BC5FF7481D21267D002E0E46 /* Build configuration list for PBXNativeTarget "testingLocalizationWithPlurals" */;
			buildPhases = (
				BC5FF7171D21267D002E0E46 /* Sources */,
				BC5FF7181D21267D002E0E46 /* Frameworks */,
				BC5FF7191D21267D002E0E46 /* Resources */,
			);
			buildRules = (
			);
			dependencies = (
			);
			name = testingLocalizationWithPlurals;
			productName = testingLocalizationWithPlurals;
			productReference = BC5FF71B1D21267D002E0E46 /* LocalizeWithPlurals.app */;
			productType = "com.apple.product-type.application";
		};
/* End PBXNativeTarget section */

/* Begin PBXProject section */
		BC5FF7131D21267D002E0E46 /* Project object */ = {
			isa = PBXProject;
			attributes = {
				LastUpgradeCheck = 0730;
				ORGANIZATIONNAME = "Sofía Swidarowicz Andrade";
				TargetAttributes = {
					BC5FF71A1D21267D002E0E46 = {
						CreatedOnToolsVersion = 7.3.1;
					};
				};
			};
			buildConfigurationList = BC5FF7161D21267D002E0E46 /* Build configuration list for PBXProject "testingLocalizationWithPlurals" */;
			compatibilityVersion = "Xcode 3.2";
			developmentRegion = English;
			hasScannedForEncodings = 0;
			knownRegions = (
				en,
				Base,
				de,
				es,
				fr,
				it,
				nl,
				"pt-PT",
			);
			mainGroup = BC5FF7121D21267D002E0E46;
			productRefGroup = BC5FF71C1D21267D002E0E46 /* Products */;
			projectDirPath = "";
			projectRoot = "";
			targets = (
				BC5FF71A1D21267D002E0E46 /* testingLocalizationWithPlurals */,
			);
		};
/* End PBXProject section */

/* Begin PBXResourcesBuildPhase section */
		BC5FF7191D21267D002E0E46 /* Resources */ = {
			isa = PBXResourcesBuildPhase;
			buildActionMask = 2147483647;
			files = (
				BC5FF72E1D21267D002E0E46 /* LaunchScreen.storyboard in Resources */,
				BC5FF72B1D21267D002E0E46 /* Assets.xcassets in Resources */,
				BC36D42F1D2E3D8100888C9F /* Plurals.stringsdict in Resources */,
				BC5FF7291D21267D002E0E46 /* Main.storyboard in Resources */,
				BCF476AD1D216177005D1CCA /* Home.strings in Resources */,
				BC36D4261D2E3CE700888C9F /* Localizable.stringsdict in Resources */,
			);
			runOnlyForDeploymentPostprocessing = 0;
		};
/* End PBXResourcesBuildPhase section */

/* Begin PBXSourcesBuildPhase section */
		BC5FF7171D21267D002E0E46 /* Sources */ = {
			isa = PBXSourcesBuildPhase;
			buildActionMask = 2147483647;
			files = (
				BC5FF7261D21267D002E0E46 /* ViewController.m in Sources */,
				BC5FF7231D21267D002E0E46 /* AppDelegate.m in Sources */,
				BC5FF7201D21267D002E0E46 /* main.m in Sources */,
			);
			runOnlyForDeploymentPostprocessing = 0;
		};
/* End PBXSourcesBuildPhase section */

/* Begin PBXVariantGroup section */
		BC36D4241D2E3CE700888C9F /* Localizable.stringsdict */ = {
			isa = PBXVariantGroup;
			children = (
				BC36D4251D2E3CE700888C9F /* en */,
				BC36D42C1D2E3D6F00888C9F /* es */,
			);
			name = Localizable.stringsdict;
			sourceTree = "<group>";
		};
		BC36D42D1D2E3D8100888C9F /* Plurals.stringsdict */ = {
			isa = PBXVariantGroup;
			children = (
				BC36D42E1D2E3D8100888C9F /* es */,
				BC36D4301D2E3D8600888C9F /* en */,
			);
			name = Plurals.stringsdict;
			sourceTree = "<group>";
		};
		BC5FF7271D21267D002E0E46 /* Main.storyboard */ = {
			isa = PBXVariantGroup;
			children = (
				BC5FF7281D21267D002E0E46 /* Base */,
			);
			name = Main.storyboard;
			sourceTree = "<group>";
		};
		BC5FF72C1D21267D002E0E46 /* LaunchScreen.storyboard */ = {
			isa = PBXVariantGroup;
			children = (
				BC5FF72D1D21267D002E0E46 /* Base */,
			);
			name = LaunchScreen.storyboard;
			sourceTree = "<group>";
		};
		BCF476AB1D216177005D1CCA /* Home.strings */ = {
			isa = PBXVariantGroup;
			children = (
				BCF476AC1D216177005D1CCA /* es */,
				BCF476AE1D216181005D1CCA /* en */,
			);
			name = Home.strings;
			sourceTree = "<group>";
		};
/* End PBXVariantGroup section */

/* Begin XCBuildConfiguration section */
		BC5FF7461D21267D002E0E46 /* Debug */ = {
			isa = XCBuildConfiguration;
			buildSettings = {
				ALWAYS_SEARCH_USER_PATHS = NO;
				CLANG_ANALYZER_NONNULL = YES;
				CLANG_CXX_LANGUAGE_STANDARD = "gnu++0x";
				CLANG_CXX_LIBRARY = "libc++";
				CLANG_ENABLE_MODULES = YES;
				CLANG_ENABLE_OBJC_ARC = YES;
				CLANG_WARN_BOOL_CONVERSION = YES;
				CLANG_WARN_CONSTANT_CONVERSION = YES;
				CLANG_WARN_DIRECT_OBJC_ISA_USAGE = YES_ERROR;
				CLANG_WARN_EMPTY_BODY = YES;
				CLANG_WARN_ENUM_CONVERSION = YES;
				CLANG_WARN_INT_CONVERSION = YES;
				CLANG_WARN_OBJC_ROOT_CLASS = YES_ERROR;
				CLANG_WARN_UNREACHABLE_CODE = YES;
				CLANG_WARN__DUPLICATE_METHOD_MATCH = YES;
				"CODE_SIGN_IDENTITY[sdk=iphoneos*]" = "iPhone Developer";
				COPY_PHASE_STRIP = NO;
				DEBUG_INFORMATION_FORMAT = dwarf;
				ENABLE_STRICT_OBJC_MSGSEND = YES;
				ENABLE_TESTABILITY = YES;
				GCC_C_LANGUAGE_STANDARD = gnu99;
				GCC_DYNAMIC_NO_PIC = NO;
				GCC_NO_COMMON_BLOCKS = YES;
				GCC_OPTIMIZATION_LEVEL = 0;
				GCC_PREPROCESSOR_DEFINITIONS = (
					"DEBUG=1",
					"$(inherited)",
				);
				GCC_WARN_64_TO_32_BIT_CONVERSION = YES;
				GCC_WARN_ABOUT_RETURN_TYPE = YES_ERROR;
				GCC_WARN_UNDECLARED_SELECTOR = YES;
				GCC_WARN_UNINITIALIZED_AUTOS = YES_AGGRESSIVE;
				GCC_WARN_UNUSED_FUNCTION = YES;
				GCC_WARN_UNUSED_VARIABLE = YES;
				IPHONEOS_DEPLOYMENT_TARGET = 9.3;
				MTL_ENABLE_DEBUG_INFO = YES;
				ONLY_ACTIVE_ARCH = YES;
				SDKROOT = iphoneos;
				TARGETED_DEVICE_FAMILY = "1,2";
			};
			name = Debug;
		};
		BC5FF7471D21267D002E0E46 /* Release */ = {
			isa = XCBuildConfiguration;
			buildSettings = {
				ALWAYS_SEARCH_USER_PATHS = NO;
				CLANG_ANALYZER_NONNULL = YES;
				CLANG_CXX_LANGUAGE_STANDARD = "gnu++0x";
				CLANG_CXX_LIBRARY = "libc++";
				CLANG_ENABLE_MODULES = YES;
				CLANG_ENABLE_OBJC_ARC = YES;
				CLANG_WARN_BOOL_CONVERSION = YES;
				CLANG_WARN_CONSTANT_CONVERSION = YES;
				CLANG_WARN_DIRECT_OBJC_ISA_USAGE = YES_ERROR;
				CLANG_WARN_EMPTY_BODY = YES;
				CLANG_WARN_ENUM_CONVERSION = YES;
				CLANG_WARN_INT_CONVERSION = YES;
				CLANG_WARN_OBJC_ROOT_CLASS = YES_ERROR;
				CLANG_WARN_UNREACHABLE_CODE = YES;
				CLANG_WARN__DUPLICATE_METHOD_MATCH = YES;
				"CODE_SIGN_IDENTITY[sdk=iphoneos*]" = "iPhone Developer";
				COPY_PHASE_STRIP = NO;
				DEBUG_INFORMATION_FORMAT = "dwarf-with-dsym";
				ENABLE_NS_ASSERTIONS = NO;
				ENABLE_STRICT_OBJC_MSGSEND = YES;
				GCC_C_LANGUAGE_STANDARD = gnu99;
				GCC_NO_COMMON_BLOCKS = YES;
				GCC_WARN_64_TO_32_BIT_CONVERSION = YES;
				GCC_WARN_ABOUT_RETURN_TYPE = YES_ERROR;
				GCC_WARN_UNDECLARED_SELECTOR = YES;
				GCC_WARN_UNINITIALIZED_AUTOS = YES_AGGRESSIVE;
				GCC_WARN_UNUSED_FUNCTION = YES;
				GCC_WARN_UNUSED_VARIABLE = YES;
				IPHONEOS_DEPLOYMENT_TARGET = 9.3;
				MTL_ENABLE_DEBUG_INFO = NO;
				SDKROOT = iphoneos;
				TARGETED_DEVICE_FAMILY = "1,2";
				VALIDATE_PRODUCT = YES;
			};
			name = Release;
		};
		BC5FF7491D21267D002E0E46 /* Debug */ = {
			isa = XCBuildConfiguration;
			buildSettings = {
				ASSETCATALOG_COMPILER_APPICON_NAME = AppIcon;
				INFOPLIST_FILE = testingLocalizationWithPlurals/Info.plist;
				IPHONEOS_DEPLOYMENT_TARGET = 8.0;
				LD_RUNPATH_SEARCH_PATHS = "$(inherited) @executable_path/Frameworks";
				PRODUCT_BUNDLE_IDENTIFIER = com.phyline;
				PRODUCT_NAME = LocalizeWithPlurals;
			};
			name = Debug;
		};
		BC5FF74A1D21267D002E0E46 /* Release */ = {
			isa = XCBuildConfiguration;
			buildSettings = {
				ASSETCATALOG_COMPILER_APPICON_NAME = AppIcon;
				INFOPLIST_FILE = testingLocalizationWithPlurals/Info.plist;
				IPHONEOS_DEPLOYMENT_TARGET = 8.0;
				LD_RUNPATH_SEARCH_PATHS = "$(inherited) @executable_path/Frameworks";
				PRODUCT_BUNDLE_IDENTIFIER = com.phyline;
				PRODUCT_NAME = LocalizeWithPlurals;
			};
			name = Release;
		};
/* End XCBuildConfiguration section */

/* Begin XCConfigurationList section */
		BC5FF7161D21267D002E0E46 /* Build configuration list for PBXProject "testingLocalizationWithPlurals" */ = {
			isa = XCConfigurationList;
			buildConfigurations = (
				BC5FF7461D21267D002E0E46 /* Debug */,
				BC5FF7471D21267D002E0E46 /* Release */,
			);
			defaultConfigurationIsVisible = 0;
			defaultConfigurationName = Release;
		};
		BC5FF7481D21267D002E0E46 /* Build configuration list for PBXNativeTarget "testingLocalizationWithPlurals" */ = {
			isa = XCConfigurationList;
			buildConfigurations = (
				BC5FF7491D21267D002E0E46 /* Debug */,
				BC5FF74A1D21267D002E0E46 /* Release */,
			);
			defaultConfigurationIsVisible = 0;
			defaultConfigurationName = Release;
		};
/* End XCConfigurationList section */
	};
	rootObject = BC5FF7131D21267D002E0E46 /* Project object */;
}
